
Microsoft Visual Studio Solution File, Format Version 12.00
# Visual Studio Version 17
VisualStudioVersion = 17.7.34031.279
MinimumVisualStudioVersion = 10.0.40219.1
Project("{9A19103F-16F7-4668-BE54-9A1E7A4F7556}") = "MediaService.Api", "src\MediaService.Api\MediaService.Api.csproj", "{48200A32-DE32-47A9-9D0D-C5C6722535CE}"
EndProject
Project("{FAE04EC0-301F-11D3-BF4B-00C04F79EFBC}") = "MediaService.Business", "src\MediaService.Business\MediaService.Business.csproj", "{F03A698B-0266-4E49-A225-67318AAA748A}"
EndProject
Project("{FAE04EC0-301F-11D3-BF4B-00C04F79EFBC}") = "MediaService.Shared", "src\MediaService.Shared\MediaService.Shared.csproj", "{F2D6B5CF-CD9A-44D7-9791-2DFFB2794612}"
EndProject
Global
	GlobalSection(SolutionConfigurationPlatforms) = preSolution
		Debug|Any CPU = Debug|Any CPU
		Release|Any CPU = Release|Any CPU
	EndGlobalSection
	GlobalSection(ProjectConfigurationPlatforms) = postSolution
		{48200A32-DE32-47A9-9D0D-C5C6722535CE}.Debug|Any CPU.ActiveCfg = Debug|Any CPU
		{48200A32-DE32-47A9-9D0D-C5C6722535CE}.Debug|Any CPU.Build.0 = Debug|Any CPU
		{48200A32-DE32-47A9-9D0D-C5C6722535CE}.Release|Any CPU.ActiveCfg = Release|Any CPU
		{48200A32-DE32-47A9-9D0D-C5C6722535CE}.Release|Any CPU.Build.0 = Release|Any CPU
		{F03A698B-0266-4E49-A225-67318AAA748A}.Debug|Any CPU.ActiveCfg = Debug|Any CPU
		{F03A698B-0266-4E49-A225-67318AAA748A}.Debug|Any CPU.Build.0 = Debug|Any CPU
		{F03A698B-0266-4E49-A225-67318AAA748A}.Release|Any CPU.ActiveCfg = Release|Any CPU
		{F03A698B-0266-4E49-A225-67318AAA748A}.Release|Any CPU.Build.0 = Release|Any CPU
		{F2D6B5CF-CD9A-44D7-9791-2DFFB2794612}.Debug|Any CPU.ActiveCfg = Debug|Any CPU
		{F2D6B5CF-CD9A-44D7-9791-2DFFB2794612}.Debug|Any CPU.Build.0 = Debug|Any CPU
		{F2D6B5CF-CD9A-44D7-9791-2DFFB2794612}.Release|Any CPU.ActiveCfg = Release|Any CPU
		{F2D6B5CF-CD9A-44D7-9791-2DFFB2794612}.Release|Any CPU.Build.0 = Release|Any CPU
	EndGlobalSection
	GlobalSection(SolutionProperties) = preSolution
		HideSolutionNode = FALSE
	EndGlobalSection
	GlobalSection(ExtensibilityGlobals) = postSolution
		SolutionGuid = {80E1D343-EB61-42C7-B5A0-E7B78D368EC6}
	EndGlobalSection
EndGlobal
